
Microsoft Visual Studio Solution File, Format Version 12.00
# Visual Studio 15
VisualStudioVersion = 15.0.27703.2042
MinimumVisualStudioVersion = 10.0.40219.1
Project("{8BC9CEB8-8B4A-11D0-8D11-00A0C91BC942}") = "DebuggerCore", "DebuggerCore\DebuggerCore.vcxproj", "{67F8709C-0696-4D3F-A047-132EABD0DA41}"
EndProject
Project("{8BC9CEB8-8B4A-11D0-8D11-00A0C91BC942}") = "DebuggerCore.Test", "DebuggerCore.Test\DebuggerCore.Test.vcxproj", "{290ABC4D-CC32-4E1D-B494-EE1CBF53F62A}"
EndProject
Project("{2150E333-8FDC-42A3-9474-1A3956D46DE8}") = "DebuggerApps", "DebuggerApps", "{1672D9B4-1BA1-4EEC-80F8-BC0D71E9C3F4}"
EndProject
Project("{8BC9CEB8-8B4A-11D0-8D11-00A0C91BC942}") = "SimpleExceptionMaker", "SimpleExceptionMaker\SimpleExceptionMaker.vcxproj", "{BD7C53BB-FF21-4142-9A9E-FA33730C69A8}"
EndProject
Project("{8BC9CEB8-8B4A-11D0-8D11-00A0C91BC942}") = "ndbg", "ndbg\ndbg.vcxproj", "{45096B83-7302-4162-99E3-F9FFF9504A1D}"
EndProject
Project("{8BC9CEB8-8B4A-11D0-8D11-00A0C91BC942}") = "DebuggerCommand", "DebuggerCommand\DebuggerCommand.vcxproj", "{892772DE-3492-467C-AEB7-E98EC17D9846}"
EndProject
Project("{8BC9CEB8-8B4A-11D0-8D11-00A0C91BC942}") = "DebuggerCommand.Test", "DebuggerCommand.Test\DebuggerCommand.Test.vcxproj", "{9EA2C5EC-741A-4781-9192-CE85B6B7F8B0}"
EndProject
Global
	GlobalSection(SolutionConfigurationPlatforms) = preSolution
		Debug|x64 = Debug|x64
		Debug|x86 = Debug|x86
		Release|x64 = Release|x64
		Release|x86 = Release|x86
	EndGlobalSection
	GlobalSection(ProjectConfigurationPlatforms) = postSolution
		{67F8709C-0696-4D3F-A047-132EABD0DA41}.Debug|x64.ActiveCfg = Debug|x64
		{67F8709C-0696-4D3F-A047-132EABD0DA41}.Debug|x64.Build.0 = Debug|x64
		{67F8709C-0696-4D3F-A047-132EABD0DA41}.Debug|x86.ActiveCfg = Debug|Win32
		{67F8709C-0696-4D3F-A047-132EABD0DA41}.Debug|x86.Build.0 = Debug|Win32
		{67F8709C-0696-4D3F-A047-132EABD0DA41}.Release|x64.ActiveCfg = Release|x64
		{67F8709C-0696-4D3F-A047-132EABD0DA41}.Release|x64.Build.0 = Release|x64
		{67F8709C-0696-4D3F-A047-132EABD0DA41}.Release|x86.ActiveCfg = Release|Win32
		{67F8709C-0696-4D3F-A047-132EABD0DA41}.Release|x86.Build.0 = Release|Win32
		{290ABC4D-CC32-4E1D-B494-EE1CBF53F62A}.Debug|x64.ActiveCfg = Debug|x64
		{290ABC4D-CC32-4E1D-B494-EE1CBF53F62A}.Debug|x64.Build.0 = Debug|x64
		{290ABC4D-CC32-4E1D-B494-EE1CBF53F62A}.Debug|x86.ActiveCfg = Debug|Win32
		{290ABC4D-CC32-4E1D-B494-EE1CBF53F62A}.Debug|x86.Build.0 = Debug|Win32
		{290ABC4D-CC32-4E1D-B494-EE1CBF53F62A}.Release|x64.ActiveCfg = Release|x64
		{290ABC4D-CC32-4E1D-B494-EE1CBF53F62A}.Release|x64.Build.0 = Release|x64
		{290ABC4D-CC32-4E1D-B494-EE1CBF53F62A}.Release|x86.ActiveCfg = Release|Win32
		{290ABC4D-CC32-4E1D-B494-EE1CBF53F62A}.Release|x86.Build.0 = Release|Win32
		{BD7C53BB-FF21-4142-9A9E-FA33730C69A8}.Debug|x64.ActiveCfg = Debug|x64
		{BD7C53BB-FF21-4142-9A9E-FA33730C69A8}.Debug|x64.Build.0 = Debug|x64
		{BD7C53BB-FF21-4142-9A9E-FA33730C69A8}.Debug|x86.ActiveCfg = Debug|Win32
		{BD7C53BB-FF21-4142-9A9E-FA33730C69A8}.Debug|x86.Build.0 = Debug|Win32
		{BD7C53BB-FF21-4142-9A9E-FA33730C69A8}.Release|x64.ActiveCfg = Release|x64
		{BD7C53BB-FF21-4142-9A9E-FA33730C69A8}.Release|x64.Build.0 = Release|x64
		{BD7C53BB-FF21-4142-9A9E-FA33730C69A8}.Release|x86.ActiveCfg = Release|Win32
		{BD7C53BB-FF21-4142-9A9E-FA33730C69A8}.Release|x86.Build.0 = Release|Win32
		{45096B83-7302-4162-99E3-F9FFF9504A1D}.Debug|x64.ActiveCfg = Debug|x64
		{45096B83-7302-4162-99E3-F9FFF9504A1D}.Debug|x64.Build.0 = Debug|x64
		{45096B83-7302-4162-99E3-F9FFF9504A1D}.Debug|x86.ActiveCfg = Debug|Win32
		{45096B83-7302-4162-99E3-F9FFF9504A1D}.Debug|x86.Build.0 = Debug|Win32
		{45096B83-7302-4162-99E3-F9FFF9504A1D}.Release|x64.ActiveCfg = Release|x64
		{45096B83-7302-4162-99E3-F9FFF9504A1D}.Release|x64.Build.0 = Release|x64
		{45096B83-7302-4162-99E3-F9FFF9504A1D}.Release|x86.ActiveCfg = Release|Win32
		{45096B83-7302-4162-99E3-F9FFF9504A1D}.Release|x86.Build.0 = Release|Win32
		{892772DE-3492-467C-AEB7-E98EC17D9846}.Debug|x64.ActiveCfg = Debug|x64
		{892772DE-3492-467C-AEB7-E98EC17D9846}.Debug|x64.Build.0 = Debug|x64
		{892772DE-3492-467C-AEB7-E98EC17D9846}.Debug|x86.ActiveCfg = Debug|Win32
		{892772DE-3492-467C-AEB7-E98EC17D9846}.Debug|x86.Build.0 = Debug|Win32
		{892772DE-3492-467C-AEB7-E98EC17D9846}.Release|x64.ActiveCfg = Release|x64
		{892772DE-3492-467C-AEB7-E98EC17D9846}.Release|x64.Build.0 = Release|x64
		{892772DE-3492-467C-AEB7-E98EC17D9846}.Release|x86.ActiveCfg = Release|Win32
		{892772DE-3492-467C-AEB7-E98EC17D9846}.Release|x86.Build.0 = Release|Win32
		{9EA2C5EC-741A-4781-9192-CE85B6B7F8B0}.Debug|x64.ActiveCfg = Debug|x64
		{9EA2C5EC-741A-4781-9192-CE85B6B7F8B0}.Debug|x64.Build.0 = Debug|x64
		{9EA2C5EC-741A-4781-9192-CE85B6B7F8B0}.Debug|x86.ActiveCfg = Debug|Win32
		{9EA2C5EC-741A-4781-9192-CE85B6B7F8B0}.Debug|x86.Build.0 = Debug|Win32
		{9EA2C5EC-741A-4781-9192-CE85B6B7F8B0}.Release|x64.ActiveCfg = Release|x64
		{9EA2C5EC-741A-4781-9192-CE85B6B7F8B0}.Release|x64.Build.0 = Release|x64
		{9EA2C5EC-741A-4781-9192-CE85B6B7F8B0}.Release|x86.ActiveCfg = Release|Win32
		{9EA2C5EC-741A-4781-9192-CE85B6B7F8B0}.Release|x86.Build.0 = Release|Win32
	EndGlobalSection
	GlobalSection(SolutionProperties) = preSolution
		HideSolutionNode = FALSE
	EndGlobalSection
	GlobalSection(NestedProjects) = preSolution
		{BD7C53BB-FF21-4142-9A9E-FA33730C69A8} = {1672D9B4-1BA1-4EEC-80F8-BC0D71E9C3F4}
	EndGlobalSection
	GlobalSection(ExtensibilityGlobals) = postSolution
		SolutionGuid = {9F5FF433-1A01-4D9D-872C-96E67BDBDD52}
	EndGlobalSection
EndGlobal
